
Microsoft Visual Studio Solution File, Format Version 12.00
# Visual Studio Version 16
VisualStudioVersion = 16.0.31911.196
MinimumVisualStudioVersion = 10.0.40219.1
Project("{2150E333-8FDC-42A3-9474-1A3956D46DE8}") = "1. Presentation Layer", "1. Presentation Layer", "{08295707-E57B-4CA4-80ED-21E22621ABB2}"
EndProject
Project("{2150E333-8FDC-42A3-9474-1A3956D46DE8}") = "2. Business Layer", "2. Business Layer", "{EF52A94D-9905-4650-AE6A-96CE05BACAE3}"
EndProject
Project("{2150E333-8FDC-42A3-9474-1A3956D46DE8}") = "3. Data Access Layer", "3. Data Access Layer", "{665912B6-F456-4A3B-B09C-DFC90B3A90B6}"
EndProject
Project("{2150E333-8FDC-42A3-9474-1A3956D46DE8}") = "4. Shared", "4. Shared", "{24E0087B-2929-48A0-BD38-4D05D951485D}"
EndProject
Project("{FAE04EC0-301F-11D3-BF4B-00C04F79EFBC}") = "GsmsApi", "GsmsApi\GsmsApi.csproj", "{CB984F04-0E0E-424F-9B13-B44E451A34BB}"
EndProject
Project("{FAE04EC0-301F-11D3-BF4B-00C04F79EFBC}") = "BusinessObjectLibrary", "BusinessObjectLibrary\BusinessObjectLibrary.csproj", "{4DCC12F9-5141-41AC-970E-D53194041891}"
EndProject
Project("{FAE04EC0-301F-11D3-BF4B-00C04F79EFBC}") = "DataAccessLibrary", "DataAccessLibrary\DataAccessLibrary.csproj", "{6B0B02B9-1EDF-4AFF-AF76-15DCB2FF825B}"
EndProject
Project("{FAE04EC0-301F-11D3-BF4B-00C04F79EFBC}") = "GsmsLibrary", "GsmsLibrary\GsmsLibrary.csproj", "{CC1FC2CB-2E6D-4A53-9D8F-CC11AFA6B6BF}"
EndProject
Global
	GlobalSection(SolutionConfigurationPlatforms) = preSolution
		Debug|Any CPU = Debug|Any CPU
		Release|Any CPU = Release|Any CPU
	EndGlobalSection
	GlobalSection(ProjectConfigurationPlatforms) = postSolution
		{CB984F04-0E0E-424F-9B13-B44E451A34BB}.Debug|Any CPU.ActiveCfg = Debug|Any CPU
		{CB984F04-0E0E-424F-9B13-B44E451A34BB}.Debug|Any CPU.Build.0 = Debug|Any CPU
		{CB984F04-0E0E-424F-9B13-B44E451A34BB}.Release|Any CPU.ActiveCfg = Release|Any CPU
		{CB984F04-0E0E-424F-9B13-B44E451A34BB}.Release|Any CPU.Build.0 = Release|Any CPU
		{4DCC12F9-5141-41AC-970E-D53194041891}.Debug|Any CPU.ActiveCfg = Debug|Any CPU
		{4DCC12F9-5141-41AC-970E-D53194041891}.Debug|Any CPU.Build.0 = Debug|Any CPU
		{4DCC12F9-5141-41AC-970E-D53194041891}.Release|Any CPU.ActiveCfg = Release|Any CPU
		{4DCC12F9-5141-41AC-970E-D53194041891}.Release|Any CPU.Build.0 = Release|Any CPU
		{6B0B02B9-1EDF-4AFF-AF76-15DCB2FF825B}.Debug|Any CPU.ActiveCfg = Debug|Any CPU
		{6B0B02B9-1EDF-4AFF-AF76-15DCB2FF825B}.Debug|Any CPU.Build.0 = Debug|Any CPU
		{6B0B02B9-1EDF-4AFF-AF76-15DCB2FF825B}.Release|Any CPU.ActiveCfg = Release|Any CPU
		{6B0B02B9-1EDF-4AFF-AF76-15DCB2FF825B}.Release|Any CPU.Build.0 = Release|Any CPU
		{CC1FC2CB-2E6D-4A53-9D8F-CC11AFA6B6BF}.Debug|Any CPU.ActiveCfg = Debug|Any CPU
		{CC1FC2CB-2E6D-4A53-9D8F-CC11AFA6B6BF}.Debug|Any CPU.Build.0 = Debug|Any CPU
		{CC1FC2CB-2E6D-4A53-9D8F-CC11AFA6B6BF}.Release|Any CPU.ActiveCfg = Release|Any CPU
		{CC1FC2CB-2E6D-4A53-9D8F-CC11AFA6B6BF}.Release|Any CPU.Build.0 = Release|Any CPU
	EndGlobalSection
	GlobalSection(SolutionProperties) = preSolution
		HideSolutionNode = FALSE
	EndGlobalSection
	GlobalSection(NestedProjects) = preSolution
		{CB984F04-0E0E-424F-9B13-B44E451A34BB} = {08295707-E57B-4CA4-80ED-21E22621ABB2}
		{4DCC12F9-5141-41AC-970E-D53194041891} = {EF52A94D-9905-4650-AE6A-96CE05BACAE3}
		{6B0B02B9-1EDF-4AFF-AF76-15DCB2FF825B} = {665912B6-F456-4A3B-B09C-DFC90B3A90B6}
		{CC1FC2CB-2E6D-4A53-9D8F-CC11AFA6B6BF} = {24E0087B-2929-48A0-BD38-4D05D951485D}
	EndGlobalSection
	GlobalSection(ExtensibilityGlobals) = postSolution
		SolutionGuid = {1D48B018-F45A-4FBA-A9F2-7316C09AD71F}
	EndGlobalSection
EndGlobal
